
Microsoft Visual Studio Solution File, Format Version 12.00
# Visual Studio 2013
VisualStudioVersion = 12.0.31101.0
MinimumVisualStudioVersion = 10.0.40219.1
Project("{FAE04EC0-301F-11D3-BF4B-00C04F79EFBC}") = "OperatorsAndExpressions", "OperatorsAndExpressions\OperatorsAndExpressions.csproj", "{566EEC57-18B7-4841-BD3A-454E4F2C7156}"
EndProject
Project("{FAE04EC0-301F-11D3-BF4B-00C04F79EFBC}") = "DataTypesVariables", "DataTypesVariables\DataTypesVariables.csproj", "{0519D6FE-8635-4C98-B38A-BB5235DBAE8C}"
EndProject
Project("{FAE04EC0-301F-11D3-BF4B-00C04F79EFBC}") = "ConditionalStatements", "ConditionalStatements\ConditionalStatements.csproj", "{BBE513F8-C1EB-43CD-B501-999CEE4541C9}"
EndProject
Project("{FAE04EC0-301F-11D3-BF4B-00C04F79EFBC}") = "Loops", "Loops\Loops.csproj", "{C9D8BE1F-26F6-4815-B0CB-0B243C1170CF}"
EndProject
Project("{FAE04EC0-301F-11D3-BF4B-00C04F79EFBC}") = "Arrays", "Arrays\Arrays.csproj", "{F0EDA46E-0AA8-4420-8BA4-BA81C90621FB}"
EndProject
Project("{FAE04EC0-301F-11D3-BF4B-00C04F79EFBC}") = "Functions", "Functions\Functions.csproj", "{257CC85E-41D8-47E7-901D-7BCCF5858106}"
EndProject
Project("{FAE04EC0-301F-11D3-BF4B-00C04F79EFBC}") = "UsingObjects", "UsingObjects\UsingObjects.csproj", "{65A624CB-1DE3-4A2B-8D6E-AA253B577E8D}"
EndProject
Project("{FAE04EC0-301F-11D3-BF4B-00C04F79EFBC}") = "Strings", "Strings\Strings.csproj", "{66BD7A36-2768-4C28-AFE7-28180B0CAD92}"
EndProject
Global
	GlobalSection(SolutionConfigurationPlatforms) = preSolution
		Debug|Any CPU = Debug|Any CPU
		Release|Any CPU = Release|Any CPU
	EndGlobalSection
	GlobalSection(ProjectConfigurationPlatforms) = postSolution
		{566EEC57-18B7-4841-BD3A-454E4F2C7156}.Debug|Any CPU.ActiveCfg = Debug|Any CPU
		{566EEC57-18B7-4841-BD3A-454E4F2C7156}.Debug|Any CPU.Build.0 = Debug|Any CPU
		{566EEC57-18B7-4841-BD3A-454E4F2C7156}.Release|Any CPU.ActiveCfg = Release|Any CPU
		{566EEC57-18B7-4841-BD3A-454E4F2C7156}.Release|Any CPU.Build.0 = Release|Any CPU
		{0519D6FE-8635-4C98-B38A-BB5235DBAE8C}.Debug|Any CPU.ActiveCfg = Debug|Any CPU
		{0519D6FE-8635-4C98-B38A-BB5235DBAE8C}.Debug|Any CPU.Build.0 = Debug|Any CPU
		{0519D6FE-8635-4C98-B38A-BB5235DBAE8C}.Release|Any CPU.ActiveCfg = Release|Any CPU
		{0519D6FE-8635-4C98-B38A-BB5235DBAE8C}.Release|Any CPU.Build.0 = Release|Any CPU
		{BBE513F8-C1EB-43CD-B501-999CEE4541C9}.Debug|Any CPU.ActiveCfg = Debug|Any CPU
		{BBE513F8-C1EB-43CD-B501-999CEE4541C9}.Debug|Any CPU.Build.0 = Debug|Any CPU
		{BBE513F8-C1EB-43CD-B501-999CEE4541C9}.Release|Any CPU.ActiveCfg = Release|Any CPU
		{BBE513F8-C1EB-43CD-B501-999CEE4541C9}.Release|Any CPU.Build.0 = Release|Any CPU
		{C9D8BE1F-26F6-4815-B0CB-0B243C1170CF}.Debug|Any CPU.ActiveCfg = Debug|Any CPU
		{C9D8BE1F-26F6-4815-B0CB-0B243C1170CF}.Debug|Any CPU.Build.0 = Debug|Any CPU
		{C9D8BE1F-26F6-4815-B0CB-0B243C1170CF}.Release|Any CPU.ActiveCfg = Release|Any CPU
		{C9D8BE1F-26F6-4815-B0CB-0B243C1170CF}.Release|Any CPU.Build.0 = Release|Any CPU
		{F0EDA46E-0AA8-4420-8BA4-BA81C90621FB}.Debug|Any CPU.ActiveCfg = Debug|Any CPU
		{F0EDA46E-0AA8-4420-8BA4-BA81C90621FB}.Debug|Any CPU.Build.0 = Debug|Any CPU
		{F0EDA46E-0AA8-4420-8BA4-BA81C90621FB}.Release|Any CPU.ActiveCfg = Release|Any CPU
		{F0EDA46E-0AA8-4420-8BA4-BA81C90621FB}.Release|Any CPU.Build.0 = Release|Any CPU
		{257CC85E-41D8-47E7-901D-7BCCF5858106}.Debug|Any CPU.ActiveCfg = Debug|Any CPU
		{257CC85E-41D8-47E7-901D-7BCCF5858106}.Debug|Any CPU.Build.0 = Debug|Any CPU
		{257CC85E-41D8-47E7-901D-7BCCF5858106}.Release|Any CPU.ActiveCfg = Release|Any CPU
		{257CC85E-41D8-47E7-901D-7BCCF5858106}.Release|Any CPU.Build.0 = Release|Any CPU
		{65A624CB-1DE3-4A2B-8D6E-AA253B577E8D}.Debug|Any CPU.ActiveCfg = Debug|Any CPU
		{65A624CB-1DE3-4A2B-8D6E-AA253B577E8D}.Debug|Any CPU.Build.0 = Debug|Any CPU
		{65A624CB-1DE3-4A2B-8D6E-AA253B577E8D}.Release|Any CPU.ActiveCfg = Release|Any CPU
		{65A624CB-1DE3-4A2B-8D6E-AA253B577E8D}.Release|Any CPU.Build.0 = Release|Any CPU
		{66BD7A36-2768-4C28-AFE7-28180B0CAD92}.Debug|Any CPU.ActiveCfg = Debug|Any CPU
		{66BD7A36-2768-4C28-AFE7-28180B0CAD92}.Debug|Any CPU.Build.0 = Debug|Any CPU
		{66BD7A36-2768-4C28-AFE7-28180B0CAD92}.Release|Any CPU.ActiveCfg = Release|Any CPU
		{66BD7A36-2768-4C28-AFE7-28180B0CAD92}.Release|Any CPU.Build.0 = Release|Any CPU
	EndGlobalSection
	GlobalSection(SolutionProperties) = preSolution
		HideSolutionNode = FALSE
	EndGlobalSection
EndGlobal
