
Microsoft Visual Studio Solution File, Format Version 12.00
# Visual Studio 2013
VisualStudioVersion = 12.0.31101.0
MinimumVisualStudioVersion = 10.0.40219.1
Project("{FAE04EC0-301F-11D3-BF4B-00C04F79EFBC}") = "OperatorsAndExpressions", "OperatorsAndExpressions\OperatorsAndExpressions.csproj", "{566EEC57-18B7-4841-BD3A-454E4F2C7156}"
EndProject
Project("{FAE04EC0-301F-11D3-BF4B-00C04F79EFBC}") = "DataTypesVariables", "DataTypesVariables\DataTypesVariables.csproj", "{0519D6FE-8635-4C98-B38A-BB5235DBAE8C}"
EndProject
Project("{FAE04EC0-301F-11D3-BF4B-00C04F79EFBC}") = "ConditionalStatements", "ConditionalStatements\ConditionalStatements.csproj", "{BBE513F8-C1EB-43CD-B501-999CEE4541C9}"
EndProject
Global
	GlobalSection(SolutionConfigurationPlatforms) = preSolution
		Debug|Any CPU = Debug|Any CPU
		Release|Any CPU = Release|Any CPU
	EndGlobalSection
	GlobalSection(ProjectConfigurationPlatforms) = postSolution
		{566EEC57-18B7-4841-BD3A-454E4F2C7156}.Debug|Any CPU.ActiveCfg = Debug|Any CPU
		{566EEC57-18B7-4841-BD3A-454E4F2C7156}.Debug|Any CPU.Build.0 = Debug|Any CPU
		{566EEC57-18B7-4841-BD3A-454E4F2C7156}.Release|Any CPU.ActiveCfg = Release|Any CPU
		{566EEC57-18B7-4841-BD3A-454E4F2C7156}.Release|Any CPU.Build.0 = Release|Any CPU
		{0519D6FE-8635-4C98-B38A-BB5235DBAE8C}.Debug|Any CPU.ActiveCfg = Debug|Any CPU
		{0519D6FE-8635-4C98-B38A-BB5235DBAE8C}.Debug|Any CPU.Build.0 = Debug|Any CPU
		{0519D6FE-8635-4C98-B38A-BB5235DBAE8C}.Release|Any CPU.ActiveCfg = Release|Any CPU
		{0519D6FE-8635-4C98-B38A-BB5235DBAE8C}.Release|Any CPU.Build.0 = Release|Any CPU
		{BBE513F8-C1EB-43CD-B501-999CEE4541C9}.Debug|Any CPU.ActiveCfg = Debug|Any CPU
		{BBE513F8-C1EB-43CD-B501-999CEE4541C9}.Debug|Any CPU.Build.0 = Debug|Any CPU
		{BBE513F8-C1EB-43CD-B501-999CEE4541C9}.Release|Any CPU.ActiveCfg = Release|Any CPU
		{BBE513F8-C1EB-43CD-B501-999CEE4541C9}.Release|Any CPU.Build.0 = Release|Any CPU
	EndGlobalSection
	GlobalSection(SolutionProperties) = preSolution
		HideSolutionNode = FALSE
	EndGlobalSection
EndGlobal
